{
  "version": 2,
  "dependencies": {
    "net10.0": {
      "Microsoft.AspNetCore.OpenApi": {
        "type": "Direct",
        "requested": "[10.0.12, )",
        "resolved": "10.0.12",
        "contentHash": "7RnQ/UKn+kK3JDLmTpW+vVqNErWthGPAVAy1aIiBzv4ucQ6g9NFvOJUuT0PHcpvcJxGVxctMxj6t+NESWMrgHQ==",
        "dependencies": {
          "Microsoft.OpenApi": "[2.12.0, 3.0.0)"
        }
      },
      "OpenTelemetry.Exporter.OpenTelemetryProtocol": {
        "type": "Direct",
        "requested": "[1.19.1, )",
        "resolved": "1.19.1",
        "contentHash": "vsYYOBf/KxNubnuoja8pjJ9LG0zCC9HAYPay+R6N5ZKZMbhNdKWbaq6JZqJqTvK+55rudiqErJySekf9ql8okA==",
        "dependencies": {
          "OpenTelemetry": "1.19.1"
        }
      },
      "OpenTelemetry.Extensions.Hosting": {
        "type": "Direct",
        "requested": "[1.19.1, )",
        "resolved": "1.19.1",
        "contentHash": "3qqZfVmW8mKA2/fRwI83o8z+yZd33KbEqRlXrlX0+3e/U7i+z0MQiCr0L3Axxa0jGdiylIrpWX4DIT9nAbJ00A==",
        "dependencies": {
          "OpenTelemetry": "1.19.1"
        }
      },
      "OpenTelemetry.Instrumentation.AspNetCore": {
        "type": "Direct",
        "requested": "[1.19.0, )",
        "resolved": "1.19.0",
        "contentHash": "reypo7g0Nzyssg1EkbfWU6W58CVFgtgkSEGrFXtbpA+bNit7HUs7587DOkOdPCgqWr3IL4f6X9B2yhnU6POrFA==",
        "dependencies": {
          "OpenTelemetry.Api.ProviderBuilderExtensions": "[1.19.0, 2.0.0)"
        }
      },
      "OpenTelemetry.Instrumentation.Http": {
        "type": "Direct",
        "requested": "[1.19.0, )",
        "resolved": "1.19.0",
        "contentHash": "+egJpWBRfYP3ldfexV2bmJyzOWkkOPVYikw/vUEtbUvf2exJfY3RGInXrYlubhBIH6rmNEn6sI/FmqenZJwkjw==",
        "dependencies": {
          "OpenTelemetry.Api.ProviderBuilderExtensions": "[1.19.0, 2.0.0)"
        }
      },
      "OpenTelemetry.Instrumentation.Runtime": {
        "type": "Direct",
        "requested": "[1.19.0, )",
        "resolved": "1.19.0",
        "contentHash": "VIH2tQ2h31j4wQyZ9Utk8ZXIyj7Z1j0xIiyPRGjYu1MmZjJtpxRh0Y/NnB6fEBimNg/WrX0jDyfMeEjPQqmaMA==",
        "dependencies": {
          "OpenTelemetry.Api": "[1.19.0, 2.0.0)"
        }
      },
      "Scalar.AspNetCore": {
        "type": "Direct",
        "requested": "[2.17.10, )",
        "resolved": "2.17.10",
        "contentHash": "lASwa/do5YYLNp+EQ/LTfm9gxBykypyzQh52aJNYnYkMfFJDwsQ+W7+mKSFejfxA1jGaorFPSeUQHHslnBsdtA=="
      },
      "Azure.Core": {
        "type": "Transitive",
        "resolved": "1.47.1",
        "contentHash": "oPcncSsDHuxB8SC522z47xbp2+ttkcKv2YZ90KXhRKN0YQd2+7l1UURT9EBzUNEXtkLZUOAB5xbByMTrYRh3yA==",
        "dependencies": {
          "Microsoft.Bcl.AsyncInterfaces": "8.0.0",
          "System.ClientModel": "1.5.1",
          "System.Memory.Data": "8.0.1"
        }
      },
      "Azure.Identity": {
        "type": "Transitive",
        "resolved": "1.14.2",
        "contentHash": "YhNMwOTwT+I2wIcJKSdP0ADyB2aK+JaYWZxO8LSRDm5w77LFr0ykR9xmt2ZV5T1gaI7xU6iNFIh/yW1dAlpddQ==",
        "dependencies": {
          "Azure.Core": "1.46.1",
          "Microsoft.Identity.Client": "4.73.1",
          "Microsoft.Identity.Client.Extensions.Msal": "4.73.1"
        }
      },
      "Google.Protobuf": {
        "type": "Transitive",
        "resolved": "3.30.2",
        "contentHash": "Y2aOVLIt75yeeEWigg9V9YnjsEm53sADtLGq0gLhwaXpk3iu8tYSoauolyhenagA2sWno2TQ2WujI0HQd6s1Vw=="
      },
      "LibGit2Sharp.NativeBinaries": {
        "type": "Transitive",
        "resolved": "2.0.324",
        "contentHash": "5YZVGNuO9nYFQfzRQGPGY9fdpSsABwlF2jSaZ7ydxCfjvt5Krbj/eHbXkvvgAQzp4lkjvgDrlAuuI4KTmqhDlA=="
      },
      "Microsoft.Agents.AI.Abstractions": {
        "type": "Transitive",
        "resolved": "1.21.0",
        "contentHash": "ukIDpnpLml5jhv4c+kkPfyd6IxcfBp8mG2OT88noq0qqr6+gfciHZSmk7cIw7RZesWLFfBrMwfhfQJVSFP6ASg==",
        "dependencies": {
          "Microsoft.Extensions.AI.Abstractions": "10.10.0"
        }
      },
      "Microsoft.AspNet.WebApi.Client": {
        "type": "Transitive",
        "resolved": "5.2.7",
        "contentHash": "/76fAHknzvFqbznS6Uj2sOyE9rJB3PltY+f53TH8dX9RiGhk02EhuFCWljSj5nnqKaTsmma8DFR50OGyQ4yJ1g==",
        "dependencies": {
          "Newtonsoft.Json": "10.0.1",
          "Newtonsoft.Json.Bson": "1.0.1"
        }
      },
      "Microsoft.Bcl.AsyncInterfaces": {
        "type": "Transitive",
        "resolved": "8.0.0",
        "contentHash": "3WA9q9yVqJp222P3x1wYIGDAkpjAku0TMUaaQV22g6L67AI0LdOIrVS7Ht2vJfLHGSPVuqN94vIr15qn+HEkHw=="
      },
      "Microsoft.Bcl.Cryptography": {
        "type": "Transitive",
        "resolved": "9.0.4",
        "contentHash": "YgZYAWzyNuPVtPq6WNm0bqOWNjYaWgl5mBWTGZyNoXitYBUYSp6iUB9AwK0V1mo793qRJUXz2t6UZrWITZSvuQ=="
      },
      "Microsoft.Data.SqlClient": {
        "type": "Transitive",
        "resolved": "6.1.3",
        "contentHash": "ys/z8Tx8074CDU20EilNvBRJuJdwKSthpHkzUpt3JghnjB6GjbZusoOcCtNbhPCCWsEJqN8bxaT7HnS3UZuUDQ==",
        "dependencies": {
          "Azure.Core": "1.47.1",
          "Azure.Identity": "1.14.2",
          "Microsoft.Bcl.Cryptography": "9.0.4",
          "Microsoft.Data.SqlClient.SNI.runtime": "6.0.2",
          "Microsoft.IdentityModel.JsonWebTokens": "7.7.1",
          "Microsoft.IdentityModel.Protocols.OpenIdConnect": "7.7.1",
          "Microsoft.SqlServer.Server": "1.0.0",
          "System.Configuration.ConfigurationManager": "9.0.4",
          "System.Security.Cryptography.Pkcs": "9.0.4"
        }
      },
      "Microsoft.Data.SqlClient.SNI.runtime": {
        "type": "Transitive",
        "resolved": "6.0.2",
        "contentHash": "f+pRODTWX7Y67jXO3T5S2dIPZ9qMJNySjlZT/TKmWVNWe19N8jcWmHaqHnnchaq3gxEKv1SWVY5EFzOD06l41w=="
      },
      "Microsoft.Data.Sqlite.Core": {
        "type": "Transitive",
        "resolved": "10.0.12",
        "contentHash": "2aL9eL5HQr0V4b8V909SD+jQAx6qnTTl7sT/v3D8dIvmr2UGdpZIQxqm1pj2Js3e4EYTvpw0oMH7DjapJJuPPw==",
        "dependencies": {
          "SQLitePCLRaw.core": "2.1.12"
        }
      },
      "Microsoft.EntityFrameworkCore": {
        "type": "Transitive",
        "resolved": "10.0.12",
        "contentHash": "e7OrVN8U5yr4kuwdTHWBHGVQIVsGfMkAr0Ej1/BnrS989Q0XBVANpIzNZ2bc1GvMZ0/XwMt5InTnmKskxGy99Q==",
        "dependencies": {
          "Microsoft.EntityFrameworkCore.Abstractions": "10.0.12",
          "Microsoft.EntityFrameworkCore.Analyzers": "10.0.12"
        }
      },
      "Microsoft.EntityFrameworkCore.Abstractions": {
        "type": "Transitive",
        "resolved": "10.0.12",
        "contentHash": "kDrux7T6C3V/YYYe2LXr7x6AEsVyq5Y2YoTE9er1SwbDtap3z1g8RgxNh5eKQVyB4T+DKvBBJ4Ezd/VZzJQJZg=="
      },
      "Microsoft.EntityFrameworkCore.Analyzers": {
        "type": "Transitive",
        "resolved": "10.0.12",
        "contentHash": "Kd4o2oO1A6dfKxjz5LS16QyLtpCFTUiFWwmBABETAXRsSImBdRdWeKjSgbbRhAMiV3a3/nWr95ZtzClT4uaADQ=="
      },
      "Microsoft.EntityFrameworkCore.Relational": {
        "type": "Transitive",
        "resolved": "10.0.12",
        "contentHash": "OiHmr8XzX96dbgMsYGe8qoqg4KxibdZG2r0QUVJBGktFInOp8IrABe8jvcbo5hrqeWfbwpK7fCEBiEPbY/ik4A==",
        "dependencies": {
          "Microsoft.EntityFrameworkCore": "10.0.12"
        }
      },
      "Microsoft.EntityFrameworkCore.Sqlite.Core": {
        "type": "Transitive",
        "resolved": "10.0.12",
        "contentHash": "DAGu68RfIDD5d6qYhtQqMUsRS7hKKFqHI6h/9VUa4FjMcQ8+IJA0rK+1pDZtrDJ+yi3YAG0L2TSViZ0csEDM0w==",
        "dependencies": {
          "Microsoft.Data.Sqlite.Core": "10.0.12",
          "Microsoft.EntityFrameworkCore.Relational": "10.0.12",
          "Microsoft.Extensions.DependencyModel": "10.0.12",
          "SQLitePCLRaw.core": "2.1.12"
        }
      },
      "Microsoft.Extensions.AI.Abstractions": {
        "type": "Transitive",
        "resolved": "10.10.0",
        "contentHash": "frBHj2ckpevA+KdDLikxv8oxGPrJiyTvaiblYp+vtVEt0q6J73XP5m2SICm86nFK6rl+L1GCKxIy4S5Lb3p2kQ=="
      },
      "Microsoft.Extensions.AI.Evaluation": {
        "type": "Transitive",
        "resolved": "10.10.0",
        "contentHash": "YXdqOSHl8X1/Vkmuu6QoV330FQ7aiYtNDqIUIiICSDd0HMx0No9D/ZWo0ocOPXd9bk00YQQfyK5HKcgRnRmQbQ==",
        "dependencies": {
          "Microsoft.Extensions.AI.Abstractions": "10.10.0"
        }
      },
      "Microsoft.Extensions.Compliance.Abstractions": {
        "type": "Transitive",
        "resolved": "10.10.0",
        "contentHash": "Sh3ujDRJpCMNY4x+43ljCROt4qBOoWfsL8l816RPYZS1S+Tw277r5002rbB15Sh6hFcCT8mGYBO7NtpfSYrQ0Q=="
      },
      "Microsoft.Extensions.DependencyModel": {
        "type": "Transitive",
        "resolved": "10.0.12",
        "contentHash": "rDPQVTxh/zMTDF7wHlRqL/jjZbwjAP6315ydBxj51pZW7qkAwGwjoSiMutxYI91xmOE3ZXjAGHbYRqzyJV7Urw=="
      },
      "Microsoft.Extensions.VectorData.Abstractions": {
        "type": "Transitive",
        "resolved": "10.10.0",
        "contentHash": "bZdR7QbdLLqmc9xPJIiD5U6H678xyv8eMATjQ0SmH7OZyi+/12G/nFAGCE6DNG22q76YNwkXo+V7GMyUckjjgw==",
        "dependencies": {
          "Microsoft.Extensions.AI.Abstractions": "10.10.0"
        }
      },
      "Microsoft.Identity.Client": {
        "type": "Transitive",
        "resolved": "4.85.2",
        "contentHash": "ni2hE3D0vBXITa4voqK8DHi0c4BNePgxshuHUjRykkAOHOP25wmZIxkJleQFg/ngVzenav6BsMJ7mOXfQPW1tg==",
        "dependencies": {
          "Microsoft.IdentityModel.Abstractions": "8.14.0"
        }
      },
      "Microsoft.Identity.Client.Extensions.Msal": {
        "type": "Transitive",
        "resolved": "4.73.1",
        "contentHash": "xDztAiV2F0wI0W8FLKv5cbaBefyLD6JVaAsvgSN7bjWNCzGYzHbcOEIP5s4TJXUpQzMfUyBsFl1mC6Zmgpz0PQ==",
        "dependencies": {
          "Microsoft.Identity.Client": "4.73.1",
          "System.Security.Cryptography.ProtectedData": "4.5.0"
        }
      },
      "Microsoft.IdentityModel.Abstractions": {
        "type": "Transitive",
        "resolved": "8.14.0",
        "contentHash": "iwbCpSjD3ehfTwBhtSNEtKPK0ICun6ov7Ibx6ISNA9bfwIyzI2Siwyi9eJFCJBwxowK9xcA1mj+jBWiigeqgcQ=="
      },
      "Microsoft.IdentityModel.JsonWebTokens": {
        "type": "Transitive",
        "resolved": "7.7.1",
        "contentHash": "3Izi75UCUssvo8LPx3OVnEeZay58qaFicrtSnbtUt7q8qQi0gy46gh4V8VUTkMVMKXV6VMyjBVmeNNgeCUJuIw==",
        "dependencies": {
          "Microsoft.IdentityModel.Tokens": "7.7.1"
        }
      },
      "Microsoft.IdentityModel.Logging": {
        "type": "Transitive",
        "resolved": "7.7.1",
        "contentHash": "BZNgSq/o8gsKExdYoBKPR65fdsxW0cTF8PsdqB8y011AGUJJW300S/ZIsEUD0+sOmGc003Gwv3FYbjrVjvsLNQ==",
        "dependencies": {
          "Microsoft.IdentityModel.Abstractions": "7.7.1"
        }
      },
      "Microsoft.IdentityModel.Protocols": {
        "type": "Transitive",
        "resolved": "7.7.1",
        "contentHash": "h+fHHBGokepmCX+QZXJk4Ij8OApCb2n2ktoDkNX5CXteXsOxTHMNgjPGpAwdJMFvAL7TtGarUnk3o97NmBq2QQ==",
        "dependencies": {
          "Microsoft.IdentityModel.Tokens": "7.7.1"
        }
      },
      "Microsoft.IdentityModel.Protocols.OpenIdConnect": {
        "type": "Transitive",
        "resolved": "7.7.1",
        "contentHash": "yT2Hdj8LpPbcT9C9KlLVxXl09C8zjFaVSaApdOwuecMuoV4s6Sof/mnTDz/+F/lILPIBvrWugR9CC7iRVZgbfQ==",
        "dependencies": {
          "Microsoft.IdentityModel.Protocols": "7.7.1",
          "System.IdentityModel.Tokens.Jwt": "7.7.1"
        }
      },
      "Microsoft.IdentityModel.Tokens": {
        "type": "Transitive",
        "resolved": "7.7.1",
        "contentHash": "fQ0VVCba75lknUHGldi3iTKAYUQqbzp1Un8+d9cm9nON0Gs8NAkXddNg8iaUB0qi/ybtAmNWizTR4avdkCJ9pQ==",
        "dependencies": {
          "Microsoft.IdentityModel.Logging": "7.7.1"
        }
      },
      "Microsoft.ML.Tokenizers": {
        "type": "Transitive",
        "resolved": "2.0.0",
        "contentHash": "+b8lT4cLLO/sBR2hjvE/qG6qrZG15h7/PBvnIrzTh4xDaAxdHUY6449rC+1pHzQUsBiCHZVbj+VMn+xS0sL7TA==",
        "dependencies": {
          "Google.Protobuf": "3.30.2"
        }
      },
      "Microsoft.NETCore.Platforms": {
        "type": "Transitive",
        "resolved": "1.1.0",
        "contentHash": "kz0PEW2lhqygehI/d6XsPCQzD7ff7gUJaVGPVETX611eadGsA3A877GdSlU0LRVMCTH/+P3o2iDTak+S08V2+A=="
      },
      "Microsoft.OpenApi": {
        "type": "Transitive",
        "resolved": "2.12.0",
        "contentHash": "0xB/be+f6qYOhvQPUrVsLrau+fkowYv6gt9RIkajMhwT7sZnqtcA797yW3bS5kgSje+AQW4xZgyLnW641YFioQ=="
      },
      "Microsoft.SqlServer.Server": {
        "type": "Transitive",
        "resolved": "1.0.0",
        "contentHash": "N4KeF3cpcm1PUHym1RmakkzfkEv3GRMyofVv40uXsQhCQeglr2OHNcUk2WOG51AKpGO8ynGpo9M/kFXSzghwug=="
      },
      "Microsoft.TeamFoundation.DistributedTask.Common.Contracts": {
        "type": "Transitive",
        "resolved": "20.278.0-preview",
        "contentHash": "23CGgTdl7J02XNNmetP1uqh9gvAidhF9NHXdh+77sFGctvuYXMxQGS8oA4odiRKZ+Ewwx1ojKEo0q0O7d9JR1g==",
        "dependencies": {
          "Microsoft.VisualStudio.Services.Client": "[20.278.0-preview]"
        }
      },
      "Microsoft.VisualStudio.Services.Client": {
        "type": "Transitive",
        "resolved": "20.278.0-preview",
        "contentHash": "RE34w8b6SkM7ZifWtsUTzuqBhpqvVyhl5YiT192ByO9LQX8mLfalFbFs1UG3XwLhL8zSmpLEAFfPLdwIOgvH8w==",
        "dependencies": {
          "Microsoft.AspNet.WebApi.Client": "5.2.7",
          "Microsoft.Data.SqlClient": "6.1.3",
          "Microsoft.Identity.Client": "4.85.2",
          "Newtonsoft.Json": "13.0.4",
          "System.Configuration.ConfigurationManager": "9.0.4",
          "System.Security.Cryptography.Pkcs": "9.0.10",
          "System.Security.Cryptography.ProtectedData": "9.0.4"
        }
      },
      "NETStandard.Library": {
        "type": "Transitive",
        "resolved": "1.6.1",
        "contentHash": "WcSp3+vP+yHNgS8EV5J7pZ9IRpeDuARBPN28by8zqff1wJQXm26PVU8L3/fYLBJVU7BtDyqNVWq2KlCVvSSR4A==",
        "dependencies": {
          "Microsoft.NETCore.Platforms": "1.1.0"
        }
      },
      "Newtonsoft.Json": {
        "type": "Transitive",
        "resolved": "13.0.4",
        "contentHash": "pdgNNMai3zv51W5aq268sujXUyx7SNdE2bj1wZcWjAQrKMFZV260lbqYop1d2GM67JI1huLRwxo9ZqnfF/lC6A=="
      },
      "Newtonsoft.Json.Bson": {
        "type": "Transitive",
        "resolved": "1.0.1",
        "contentHash": "5PYT/IqQ+UK31AmZiSS102R6EsTo+LGTSI8bp7WAUqDKaF4wHXD8U9u4WxTI1vc64tYi++8p3dk3WWNqPFgldw==",
        "dependencies": {
          "NETStandard.Library": "1.6.1",
          "Newtonsoft.Json": "10.0.1"
        }
      },
      "OpenTelemetry": {
        "type": "Transitive",
        "resolved": "1.19.1",
        "contentHash": "6ywhc3upf+dq8EsOohj7I7zS3l4yX9vfbtFkvyEC8xIUY4Z9iDIOVuke356eCAzIZaWtmwmmyl2UXYCp5n7I3Q==",
        "dependencies": {
          "OpenTelemetry.Api.ProviderBuilderExtensions": "1.19.1"
        }
      },
      "OpenTelemetry.Api": {
        "type": "Transitive",
        "resolved": "1.19.1",
        "contentHash": "9JKIH+xrV0HNTFjQC8zrx9gZpDOMEljN5Htg/U0VE2IvO3N+7bKALCCsGy5tp09marX5dd8UkrgQFoLaulIBRw=="
      },
      "OpenTelemetry.Api.ProviderBuilderExtensions": {
        "type": "Transitive",
        "resolved": "1.19.1",
        "contentHash": "HtGe72B/IhzKqdU0a3fNE5osax/Cegwxd+p4u6lOFy20nsgmeaFuP2NRyFs1WvrOv/bpkII3IvvBkKoZXG8BLg==",
        "dependencies": {
          "OpenTelemetry.Api": "1.19.1"
        }
      },
      "SQLitePCLRaw.bundle_e_sqlite3": {
        "type": "Transitive",
        "resolved": "2.1.12",
        "contentHash": "mAgscpQMLw5/nfA1Q5oJVAT29yROUo1ifZGbbTpx/lwZpSxMUGoYbKfmvdm8oXER+RzxqBmmQzeBEVKfeHv2nw==",
        "dependencies": {
          "SQLitePCLRaw.lib.e_sqlite3": "2.1.12",
          "SQLitePCLRaw.provider.e_sqlite3": "2.1.12"
        }
      },
      "SQLitePCLRaw.core": {
        "type": "Transitive",
        "resolved": "2.1.12",
        "contentHash": "ETpNw9DY3ckWLgRRAeCHj+GKOuPi61aeczkXhgHexUvqoZBAYg8RYESE2J7O1M7+o6QbdSEZwrw9bfqztUVWXg=="
      },
      "SQLitePCLRaw.lib.e_sqlite3": {
        "type": "Transitive",
        "resolved": "2.1.12",
        "contentHash": "fWi8Dbknuhgg72fWinIdjXVaqO1hHL4YBBwVLnr7e1c9TAZwJ0QE38j9syW1hwx6HaqEVTwI+O07WPdZn8Rp0w=="
      },
      "SQLitePCLRaw.provider.e_sqlite3": {
        "type": "Transitive",
        "resolved": "2.1.12",
        "contentHash": "W3oH4XIfCzFrgUSDKHhN6N+dgzA5YHOR2VxX8GB6Qy7CyrJJgxPEG8NirgYWlPQC5P2jz2knSsexWu4tDUL33g==",
        "dependencies": {
          "SQLitePCLRaw.core": "2.1.12"
        }
      },
      "System.ClientModel": {
        "type": "Transitive",
        "resolved": "1.15.0",
        "contentHash": "y6zQLInrpX+oGL1gXM04DrUSu1O1esWxt4rD/zrujTnzIFChn/noD1OiVVpTrU8ZvglwqO2Uw038svUR3SiAOg==",
        "dependencies": {
          "System.Memory.Data": "10.0.9"
        }
      },
      "System.ComponentModel.Annotations": {
        "type": "Transitive",
        "resolved": "5.0.0",
        "contentHash": "dMkqfy2el8A8/I76n2Hi1oBFEbG1SfxD2l5nhwXV3XjlnOmwxJlQbYpJH4W51odnU9sARCSAgv7S3CyAFMkpYg=="
      },
      "System.Configuration.ConfigurationManager": {
        "type": "Transitive",
        "resolved": "9.0.4",
        "contentHash": "dvjqKp+2LpGid6phzrdrS/2mmEPxFl3jE1+L7614q4ZChKbLJCpHXg6sBILlCCED1t//EE+un/UdAetzIMpqnw==",
        "dependencies": {
          "System.Security.Cryptography.ProtectedData": "9.0.4"
        }
      },
      "System.IdentityModel.Tokens.Jwt": {
        "type": "Transitive",
        "resolved": "7.7.1",
        "contentHash": "rQkO1YbAjLwnDJSMpRhRtrc6XwIcEOcUvoEcge+evurpzSZM3UNK+MZfD3sKyTlYsvknZ6eJjSBfnmXqwOsT9Q==",
        "dependencies": {
          "Microsoft.IdentityModel.JsonWebTokens": "7.7.1",
          "Microsoft.IdentityModel.Tokens": "7.7.1"
        }
      },
      "System.Memory.Data": {
        "type": "Transitive",
        "resolved": "10.0.9",
        "contentHash": "YweovHiLUoEdbr2Xv8eRqCSkTu1vMms4a6xBHaQiMSFVy32PL+hXv6Vhol2NWOmLHjaVgTyhJ3R52U6JxS6w3Q=="
      },
      "System.Numerics.Tensors": {
        "type": "Transitive",
        "resolved": "10.0.12",
        "contentHash": "17brFrnQHV/XMMazXNqFq4GkvzWy8yzDPo5Gb8TT8zJtMFbUqDycOCyPCp9F+eMc4L75kcCKRZqaeBHMwLCL9Q=="
      },
      "System.Security.Cryptography.Pkcs": {
        "type": "Transitive",
        "resolved": "9.0.10",
        "contentHash": "Pg7QZz80fOJZrtJnAdEAIpeor8q7F1ofwXGYgLNr4dR8Mqf2l7lfeTaodQkRetrj+ClQwVVYoyi6g2eOsmstFw=="
      },
      "System.Security.Cryptography.ProtectedData": {
        "type": "Transitive",
        "resolved": "9.0.4",
        "contentHash": "o94k2RKuAce3GeDMlUvIXlhVa1kWpJw95E6C9LwW0KlG0nj5+SgCiIxJ2Eroqb9sLtG1mEMbFttZIBZ13EJPvQ=="
      },
      "reviewforge.core": {
        "type": "Project",
        "dependencies": {
          "Microsoft.Agents.AI": "[1.21.0, )",
          "Microsoft.Extensions.AI": "[10.10.0, )"
        }
      },
      "reviewforge.infrastructure": {
        "type": "Project",
        "dependencies": {
          "LibGit2Sharp": "[0.32.0, )",
          "Microsoft.EntityFrameworkCore.Sqlite": "[10.0.12, )",
          "Microsoft.Extensions.AI.OpenAI": "[10.10.0, )",
          "Microsoft.TeamFoundationServer.Client": "[20.278.0-preview, )",
          "OpenAI": "[2.14.0, )",
          "ReviewForge.Core": "[1.0.0, )"
        }
      },
      "LibGit2Sharp": {
        "type": "CentralTransitive",
        "requested": "[0.32.0, )",
        "resolved": "0.32.0",
        "contentHash": "BL3eMVRnkWWS9zbz6n0H+iDVJ9ZK7hDeiuASnHlsFvwZYTJtDuBFRRVIaH//s4VlF0baOGvCeenXbobE1JLLiQ==",
        "dependencies": {
          "LibGit2Sharp.NativeBinaries": "[2.0.324]"
        }
      },
      "Microsoft.Agents.AI": {
        "type": "CentralTransitive",
        "requested": "[1.21.0, )",
        "resolved": "1.21.0",
        "contentHash": "uzfyObaUtObJo1VFvV+DA0WI4T16RwPhVkbkhSFpY3gomEKizmmVeZVyuwPwJ85fANalmjrnAqb37b/SCBPFtA==",
        "dependencies": {
          "Microsoft.Agents.AI.Abstractions": "1.21.0",
          "Microsoft.Extensions.AI": "10.10.0",
          "Microsoft.Extensions.AI.Abstractions": "10.10.0",
          "Microsoft.Extensions.AI.Evaluation": "10.10.0",
          "Microsoft.Extensions.Compliance.Abstractions": "10.10.0",
          "Microsoft.Extensions.VectorData.Abstractions": "10.10.0",
          "Microsoft.ML.Tokenizers": "2.0.0"
        }
      },
      "Microsoft.EntityFrameworkCore.Sqlite": {
        "type": "CentralTransitive",
        "requested": "[10.0.12, )",
        "resolved": "10.0.12",
        "contentHash": "rRXkKBWHjtngj2DYqSXOThGpqiR0LQkxk0b0PIVDhVEzfwpgOR7dbKMw1/My8unDCTCwn/blclR7imxntYGvEg==",
        "dependencies": {
          "Microsoft.EntityFrameworkCore.Sqlite.Core": "10.0.12",
          "Microsoft.Extensions.DependencyModel": "10.0.12",
          "SQLitePCLRaw.bundle_e_sqlite3": "2.1.12",
          "SQLitePCLRaw.core": "2.1.12"
        }
      },
      "Microsoft.Extensions.AI": {
        "type": "CentralTransitive",
        "requested": "[10.10.0, )",
        "resolved": "10.10.0",
        "contentHash": "XKvtDUD3KySkvA5UpS+UF67M5rcqiXjAQchTZZ26WnavVKXxwlUTVdK/Ju0tc/25+16AVUdNl8cnVVGX/tx03A==",
        "dependencies": {
          "Microsoft.Extensions.AI.Abstractions": "10.10.0",
          "System.Numerics.Tensors": "10.0.12"
        }
      },
      "Microsoft.Extensions.AI.OpenAI": {
        "type": "CentralTransitive",
        "requested": "[10.10.0, )",
        "resolved": "10.10.0",
        "contentHash": "Z5uwqIJ0tGp50P+ark1/qb7wFa6inIRKvaR3L9Frtf7M9uGIil/cz4k9S7va8HMrXzE/xjIJqd6A9cJ7WlMpgg==",
        "dependencies": {
          "Microsoft.Extensions.AI.Abstractions": "10.10.0",
          "OpenAI": "2.13.0"
        }
      },
      "Microsoft.TeamFoundationServer.Client": {
        "type": "CentralTransitive",
        "requested": "[20.278.0-preview, )",
        "resolved": "20.278.0-preview",
        "contentHash": "zc27du8saBQHhqG4SRQ0ZoQyRTgM9/5zxJjgGCrTfbVDuYNY4+6YfSDIDNXmTpO2rN7v3Wq1XH+xAaMbI7lLww==",
        "dependencies": {
          "Microsoft.AspNet.WebApi.Client": "5.2.7",
          "Microsoft.TeamFoundation.DistributedTask.Common.Contracts": "[20.278.0-preview]",
          "Microsoft.VisualStudio.Services.Client": "[20.278.0-preview]",
          "Newtonsoft.Json": "13.0.4",
          "System.ComponentModel.Annotations": "5.0.0"
        }
      },
      "OpenAI": {
        "type": "CentralTransitive",
        "requested": "[2.14.0, )",
        "resolved": "2.14.0",
        "contentHash": "AeyC3GxbrJ7KRoWDyFeNSUOQQWD9AnNvM7LYQijCcXcqjyr53aGRcf5GBLExcSBzIs0RWYHe+NbzPrHTeuU5zA==",
        "dependencies": {
          "System.ClientModel": "1.15.0"
        }
      }
    }
  }
}